// !$*UTF8*$!
{
	archiveVersion = 1;
	classes = {
	};
	objectVersion = 56;
	objects = {

/* Begin PBXBuildFile section */
		5E1C4E8F2C074B7D00FDD07F /* Fancy_DinerApp.swift in Sources */ = {isa = PBXBuildFile; fileRef = 5E1C4E8E2C074B7D00FDD07F /* Fancy_DinerApp.swift */; };
		5E1C4E912C074B7D00FDD07F /* ContentView.swift in Sources */ = {isa = PBXBuildFile; fileRef = 5E1C4E902C074B7D00FDD07F /* ContentView.swift */; };
		5E1C4E932C074B7F00FDD07F /* Assets.xcassets in Resources */ = {isa = PBXBuildFile; fileRef = 5E1C4E922C074B7F00FDD07F /* Assets.xcassets */; };
		5E1C4E962C074B7F00FDD07F /* Preview Assets.xcassets in Resources */ = {isa = PBXBuildFile; fileRef = 5E1C4E952C074B7F00FDD07F /* Preview Assets.xcassets */; };
		5E1C4E9F2C074BB700FDD07F /* Bundle.swift in Sources */ = {isa = PBXBuildFile; fileRef = 5E1C4E9E2C074BB700FDD07F /* Bundle.swift */; };
		5E1C4EA22C0755E900FDD07F /* Menu.swift in Sources */ = {isa = PBXBuildFile; fileRef = 5E1C4EA12C0755E900FDD07F /* Menu.swift */; };
		5E1C4EA42C0761F400FDD07F /* Order.swift in Sources */ = {isa = PBXBuildFile; fileRef = 5E1C4EA32C0761F400FDD07F /* Order.swift */; };
		5E1C4EA72C07630500FDD07F /* menu.json in Resources */ = {isa = PBXBuildFile; fileRef = 5E1C4EA62C07630500FDD07F /* menu.json */; };
		5E1C4EA92C08B41400FDD07F /* ItemRow.swift in Sources */ = {isa = PBXBuildFile; fileRef = 5E1C4EA82C08B41400FDD07F /* ItemRow.swift */; };
		5E1C4EAB2C09F6D900FDD07F /* ItemDetail.swift in Sources */ = {isa = PBXBuildFile; fileRef = 5E1C4EAA2C09F6D900FDD07F /* ItemDetail.swift */; };
		5E92F3012C19827E00270366 /* OrderView.swift in Sources */ = {isa = PBXBuildFile; fileRef = 5E92F3002C19827E00270366 /* OrderView.swift */; };
		5E92F3032C19843900270366 /* MenuView.swift in Sources */ = {isa = PBXBuildFile; fileRef = 5E92F3022C19843900270366 /* MenuView.swift */; };
		5E92F3052C1A005400270366 /* CheckoutView.swift in Sources */ = {isa = PBXBuildFile; fileRef = 5E92F3042C1A005400270366 /* CheckoutView.swift */; };
/* End PBXBuildFile section */

/* Begin PBXFileReference section */
		5E1C4E8B2C074B7D00FDD07F /* Fancy Diner.app */ = {isa = PBXFileReference; explicitFileType = wrapper.application; includeInIndex = 0; path = "Fancy Diner.app"; sourceTree = BUILT_PRODUCTS_DIR; };
		5E1C4E8E2C074B7D00FDD07F /* Fancy_DinerApp.swift */ = {isa = PBXFileReference; lastKnownFileType = sourcecode.swift; path = Fancy_DinerApp.swift; sourceTree = "<group>"; };
		5E1C4E902C074B7D00FDD07F /* ContentView.swift */ = {isa = PBXFileReference; lastKnownFileType = sourcecode.swift; path = ContentView.swift; sourceTree = "<group>"; };
		5E1C4E922C074B7F00FDD07F /* Assets.xcassets */ = {isa = PBXFileReference; lastKnownFileType = folder.assetcatalog; path = Assets.xcassets; sourceTree = "<group>"; };
		5E1C4E952C074B7F00FDD07F /* Preview Assets.xcassets */ = {isa = PBXFileReference; lastKnownFileType = folder.assetcatalog; path = "Preview Assets.xcassets"; sourceTree = "<group>"; };
		5E1C4E9E2C074BB700FDD07F /* Bundle.swift */ = {isa = PBXFileReference; lastKnownFileType = sourcecode.swift; path = Bundle.swift; sourceTree = "<group>"; };
		5E1C4EA12C0755E900FDD07F /* Menu.swift */ = {isa = PBXFileReference; lastKnownFileType = sourcecode.swift; path = Menu.swift; sourceTree = "<group>"; };
		5E1C4EA32C0761F400FDD07F /* Order.swift */ = {isa = PBXFileReference; lastKnownFileType = sourcecode.swift; path = Order.swift; sourceTree = "<group>"; };
		5E1C4EA62C07630500FDD07F /* menu.json */ = {isa = PBXFileReference; fileEncoding = 4; lastKnownFileType = text.json; path = menu.json; sourceTree = "<group>"; };
		5E1C4EA82C08B41400FDD07F /* ItemRow.swift */ = {isa = PBXFileReference; lastKnownFileType = sourcecode.swift; path = ItemRow.swift; sourceTree = "<group>"; };
		5E1C4EAA2C09F6D900FDD07F /* ItemDetail.swift */ = {isa = PBXFileReference; lastKnownFileType = sourcecode.swift; path = ItemDetail.swift; sourceTree = "<group>"; };
		5E92F3002C19827E00270366 /* OrderView.swift */ = {isa = PBXFileReference; lastKnownFileType = sourcecode.swift; path = OrderView.swift; sourceTree = "<group>"; };
		5E92F3022C19843900270366 /* MenuView.swift */ = {isa = PBXFileReference; lastKnownFileType = sourcecode.swift; path = MenuView.swift; sourceTree = "<group>"; };
		5E92F3042C1A005400270366 /* CheckoutView.swift */ = {isa = PBXFileReference; lastKnownFileType = sourcecode.swift; path = CheckoutView.swift; sourceTree = "<group>"; };
/* End PBXFileReference section */

/* Begin PBXFrameworksBuildPhase section */
		5E1C4E882C074B7D00FDD07F /* Frameworks */ = {
			isa = PBXFrameworksBuildPhase;
			buildActionMask = 2147483647;
			files = (
			);
			runOnlyForDeploymentPostprocessing = 0;
		};
/* End PBXFrameworksBuildPhase section */

/* Begin PBXGroup section */
		5E1C4E822C074B7D00FDD07F = {
			isa = PBXGroup;
			children = (
				5E1C4E8D2C074B7D00FDD07F /* Fancy Diner */,
				5E1C4E8C2C074B7D00FDD07F /* Products */,
			);
			sourceTree = "<group>";
		};
		5E1C4E8C2C074B7D00FDD07F /* Products */ = {
			isa = PBXGroup;
			children = (
				5E1C4E8B2C074B7D00FDD07F /* Fancy Diner.app */,
			);
			name = Products;
			sourceTree = "<group>";
		};
		5E1C4E8D2C074B7D00FDD07F /* Fancy Diner */ = {
			isa = PBXGroup;
			children = (
				5E1C4E8E2C074B7D00FDD07F /* Fancy_DinerApp.swift */,
				5E1C4E902C074B7D00FDD07F /* ContentView.swift */,
				5E1C4EA82C08B41400FDD07F /* ItemRow.swift */,
				5E1C4EAA2C09F6D900FDD07F /* ItemDetail.swift */,
				5E92F3002C19827E00270366 /* OrderView.swift */,
				5E92F3022C19843900270366 /* MenuView.swift */,
				5E92F3042C1A005400270366 /* CheckoutView.swift */,
				5E1C4EA02C0755E000FDD07F /* Model */,
				5E1C4E9D2C074BA900FDD07F /* Extensions */,
				5E1C4EA52C0762E800FDD07F /* Resources */,
				5E1C4E922C074B7F00FDD07F /* Assets.xcassets */,
				5E1C4E942C074B7F00FDD07F /* Preview Content */,
			);
			path = "Fancy Diner";
			sourceTree = "<group>";
		};
		5E1C4E942C074B7F00FDD07F /* Preview Content */ = {
			isa = PBXGroup;
			children = (
				5E1C4E952C074B7F00FDD07F /* Preview Assets.xcassets */,
			);
			path = "Preview Content";
			sourceTree = "<group>";
		};
		5E1C4E9D2C074BA900FDD07F /* Extensions */ = {
			isa = PBXGroup;
			children = (
				5E1C4E9E2C074BB700FDD07F /* Bundle.swift */,
			);
			path = Extensions;
			sourceTree = "<group>";
		};
		5E1C4EA02C0755E000FDD07F /* Model */ = {
			isa = PBXGroup;
			children = (
				5E1C4EA12C0755E900FDD07F /* Menu.swift */,
				5E1C4EA32C0761F400FDD07F /* Order.swift */,
			);
			path = Model;
			sourceTree = "<group>";
		};
		5E1C4EA52C0762E800FDD07F /* Resources */ = {
			isa = PBXGroup;
			children = (
				5E1C4EA62C07630500FDD07F /* menu.json */,
			);
			path = Resources;
			sourceTree = "<group>";
		};
/* End PBXGroup section */

/* Begin PBXNativeTarget section */
		5E1C4E8A2C074B7D00FDD07F /* Fancy Diner */ = {
			isa = PBXNativeTarget;
			buildConfigurationList = 5E1C4E992C074B7F00FDD07F /* Build configuration list for PBXNativeTarget "Fancy Diner" */;
			buildPhases = (
				5E1C4E872C074B7D00FDD07F /* Sources */,
				5E1C4E882C074B7D00FDD07F /* Frameworks */,
				5E1C4E892C074B7D00FDD07F /* Resources */,
			);
			buildRules = (
			);
			dependencies = (
			);
			name = "Fancy Diner";
			productName = "Fancy Diner";
			productReference = 5E1C4E8B2C074B7D00FDD07F /* Fancy Diner.app */;
			productType = "com.apple.product-type.application";
		};
/* End PBXNativeTarget section */

/* Begin PBXProject section */
		5E1C4E832C074B7D00FDD07F /* Project object */ = {
			isa = PBXProject;
			attributes = {
				BuildIndependentTargetsInParallel = 1;
				LastSwiftUpdateCheck = 1500;
				LastUpgradeCheck = 1500;
				TargetAttributes = {
					5E1C4E8A2C074B7D00FDD07F = {
						CreatedOnToolsVersion = 15.0.1;
					};
				};
			};
			buildConfigurationList = 5E1C4E862C074B7D00FDD07F /* Build configuration list for PBXProject "Fancy Diner" */;
			compatibilityVersion = "Xcode 14.0";
			developmentRegion = en;
			hasScannedForEncodings = 0;
			knownRegions = (
				en,
				Base,
			);
			mainGroup = 5E1C4E822C074B7D00FDD07F;
			productRefGroup = 5E1C4E8C2C074B7D00FDD07F /* Products */;
			projectDirPath = "";
			projectRoot = "";
			targets = (
				5E1C4E8A2C074B7D00FDD07F /* Fancy Diner */,
			);
		};
/* End PBXProject section */

/* Begin PBXResourcesBuildPhase section */
		5E1C4E892C074B7D00FDD07F /* Resources */ = {
			isa = PBXResourcesBuildPhase;
			buildActionMask = 2147483647;
			files = (
				5E1C4EA72C07630500FDD07F /* menu.json in Resources */,
				5E1C4E962C074B7F00FDD07F /* Preview Assets.xcassets in Resources */,
				5E1C4E932C074B7F00FDD07F /* Assets.xcassets in Resources */,
			);
			runOnlyForDeploymentPostprocessing = 0;
		};
/* End PBXResourcesBuildPhase section */

/* Begin PBXSourcesBuildPhase section */
		5E1C4E872C074B7D00FDD07F /* Sources */ = {
			isa = PBXSourcesBuildPhase;
			buildActionMask = 2147483647;
			files = (
				5E1C4EAB2C09F6D900FDD07F /* ItemDetail.swift in Sources */,
				5E92F3012C19827E00270366 /* OrderView.swift in Sources */,
				5E92F3052C1A005400270366 /* CheckoutView.swift in Sources */,
				5E1C4E912C074B7D00FDD07F /* ContentView.swift in Sources */,
				5E1C4E9F2C074BB700FDD07F /* Bundle.swift in Sources */,
				5E92F3032C19843900270366 /* MenuView.swift in Sources */,
				5E1C4EA42C0761F400FDD07F /* Order.swift in Sources */,
				5E1C4EA92C08B41400FDD07F /* ItemRow.swift in Sources */,
				5E1C4EA22C0755E900FDD07F /* Menu.swift in Sources */,
				5E1C4E8F2C074B7D00FDD07F /* Fancy_DinerApp.swift in Sources */,
			);
			runOnlyForDeploymentPostprocessing = 0;
		};
/* End PBXSourcesBuildPhase section */

/* Begin XCBuildConfiguration section */
		5E1C4E972C074B7F00FDD07F /* Debug */ = {
			isa = XCBuildConfiguration;
			buildSettings = {
				ALWAYS_SEARCH_USER_PATHS = NO;
				ASSETCATALOG_COMPILER_GENERATE_SWIFT_ASSET_SYMBOL_EXTENSIONS = YES;
				CLANG_ANALYZER_NONNULL = YES;
				CLANG_ANALYZER_NUMBER_OBJECT_CONVERSION = YES_AGGRESSIVE;
				CLANG_CXX_LANGUAGE_STANDARD = "gnu++20";
				CLANG_ENABLE_MODULES = YES;
				CLANG_ENABLE_OBJC_ARC = YES;
				CLANG_ENABLE_OBJC_WEAK = YES;
				CLANG_WARN_BLOCK_CAPTURE_AUTORELEASING = YES;
				CLANG_WARN_BOOL_CONVERSION = YES;
				CLANG_WARN_COMMA = YES;
				CLANG_WARN_CONSTANT_CONVERSION = YES;
				CLANG_WARN_DEPRECATED_OBJC_IMPLEMENTATIONS = YES;
				CLANG_WARN_DIRECT_OBJC_ISA_USAGE = YES_ERROR;
				CLANG_WARN_DOCUMENTATION_COMMENTS = YES;
				CLANG_WARN_EMPTY_BODY = YES;
				CLANG_WARN_ENUM_CONVERSION = YES;
				CLANG_WARN_INFINITE_RECURSION = YES;
				CLANG_WARN_INT_CONVERSION = YES;
				CLANG_WARN_NON_LITERAL_NULL_CONVERSION = YES;
				CLANG_WARN_OBJC_IMPLICIT_RETAIN_SELF = YES;
				CLANG_WARN_OBJC_LITERAL_CONVERSION = YES;
				CLANG_WARN_OBJC_ROOT_CLASS = YES_ERROR;
				CLANG_WARN_QUOTED_INCLUDE_IN_FRAMEWORK_HEADER = YES;
				CLANG_WARN_RANGE_LOOP_ANALYSIS = YES;
				CLANG_WARN_STRICT_PROTOTYPES = YES;
				CLANG_WARN_SUSPICIOUS_MOVE = YES;
				CLANG_WARN_UNGUARDED_AVAILABILITY = YES_AGGRESSIVE;
				CLANG_WARN_UNREACHABLE_CODE = YES;
				CLANG_WARN__DUPLICATE_METHOD_MATCH = YES;
				COPY_PHASE_STRIP = NO;
				DEBUG_INFORMATION_FORMAT = dwarf;
				ENABLE_STRICT_OBJC_MSGSEND = YES;
				ENABLE_TESTABILITY = YES;
				ENABLE_USER_SCRIPT_SANDBOXING = YES;
				GCC_C_LANGUAGE_STANDARD = gnu17;
				GCC_DYNAMIC_NO_PIC = NO;
				GCC_NO_COMMON_BLOCKS = YES;
				GCC_OPTIMIZATION_LEVEL = 0;
				GCC_PREPROCESSOR_DEFINITIONS = (
					"DEBUG=1",
					"$(inherited)",
				);
				GCC_WARN_64_TO_32_BIT_CONVERSION = YES;
				GCC_WARN_ABOUT_RETURN_TYPE = YES_ERROR;
				GCC_WARN_UNDECLARED_SELECTOR = YES;
				GCC_WARN_UNINITIALIZED_AUTOS = YES_AGGRESSIVE;
				GCC_WARN_UNUSED_FUNCTION = YES;
				GCC_WARN_UNUSED_VARIABLE = YES;
				IPHONEOS_DEPLOYMENT_TARGET = 17.0;
				LOCALIZATION_PREFERS_STRING_CATALOGS = YES;
				MTL_ENABLE_DEBUG_INFO = INCLUDE_SOURCE;
				MTL_FAST_MATH = YES;
				ONLY_ACTIVE_ARCH = YES;
				SDKROOT = iphoneos;
				SWIFT_ACTIVE_COMPILATION_CONDITIONS = "DEBUG $(inherited)";
				SWIFT_OPTIMIZATION_LEVEL = "-Onone";
			};
			name = Debug;
		};
		5E1C4E982C074B7F00FDD07F /* Release */ = {
			isa = XCBuildConfiguration;
			buildSettings = {
				ALWAYS_SEARCH_USER_PATHS = NO;
				ASSETCATALOG_COMPILER_GENERATE_SWIFT_ASSET_SYMBOL_EXTENSIONS = YES;
				CLANG_ANALYZER_NONNULL = YES;
				CLANG_ANALYZER_NUMBER_OBJECT_CONVERSION = YES_AGGRESSIVE;
				CLANG_CXX_LANGUAGE_STANDARD = "gnu++20";
				CLANG_ENABLE_MODULES = YES;
				CLANG_ENABLE_OBJC_ARC = YES;
				CLANG_ENABLE_OBJC_WEAK = YES;
				CLANG_WARN_BLOCK_CAPTURE_AUTORELEASING = YES;
				CLANG_WARN_BOOL_CONVERSION = YES;
				CLANG_WARN_COMMA = YES;
				CLANG_WARN_CONSTANT_CONVERSION = YES;
				CLANG_WARN_DEPRECATED_OBJC_IMPLEMENTATIONS = YES;
				CLANG_WARN_DIRECT_OBJC_ISA_USAGE = YES_ERROR;
				CLANG_WARN_DOCUMENTATION_COMMENTS = YES;
				CLANG_WARN_EMPTY_BODY = YES;
				CLANG_WARN_ENUM_CONVERSION = YES;
				CLANG_WARN_INFINITE_RECURSION = YES;
				CLANG_WARN_INT_CONVERSION = YES;
				CLANG_WARN_NON_LITERAL_NULL_CONVERSION = YES;
				CLANG_WARN_OBJC_IMPLICIT_RETAIN_SELF = YES;
				CLANG_WARN_OBJC_LITERAL_CONVERSION = YES;
				CLANG_WARN_OBJC_ROOT_CLASS = YES_ERROR;
				CLANG_WARN_QUOTED_INCLUDE_IN_FRAMEWORK_HEADER = YES;
				CLANG_WARN_RANGE_LOOP_ANALYSIS = YES;
				CLANG_WARN_STRICT_PROTOTYPES = YES;
				CLANG_WARN_SUSPICIOUS_MOVE = YES;
				CLANG_WARN_UNGUARDED_AVAILABILITY = YES_AGGRESSIVE;
				CLANG_WARN_UNREACHABLE_CODE = YES;
				CLANG_WARN__DUPLICATE_METHOD_MATCH = YES;
				COPY_PHASE_STRIP = NO;
				DEBUG_INFORMATION_FORMAT = "dwarf-with-dsym";
				ENABLE_NS_ASSERTIONS = NO;
				ENABLE_STRICT_OBJC_MSGSEND = YES;
				ENABLE_USER_SCRIPT_SANDBOXING = YES;
				GCC_C_LANGUAGE_STANDARD = gnu17;
				GCC_NO_COMMON_BLOCKS = YES;
				GCC_WARN_64_TO_32_BIT_CONVERSION = YES;
				GCC_WARN_ABOUT_RETURN_TYPE = YES_ERROR;
				GCC_WARN_UNDECLARED_SELECTOR = YES;
				GCC_WARN_UNINITIALIZED_AUTOS = YES_AGGRESSIVE;
				GCC_WARN_UNUSED_FUNCTION = YES;
				GCC_WARN_UNUSED_VARIABLE = YES;
				IPHONEOS_DEPLOYMENT_TARGET = 17.0;
				LOCALIZATION_PREFERS_STRING_CATALOGS = YES;
				MTL_ENABLE_DEBUG_INFO = NO;
				MTL_FAST_MATH = YES;
				SDKROOT = iphoneos;
				SWIFT_COMPILATION_MODE = wholemodule;
				VALIDATE_PRODUCT = YES;
			};
			name = Release;
		};
		5E1C4E9A2C074B7F00FDD07F /* Debug */ = {
			isa = XCBuildConfiguration;
			buildSettings = {
				ASSETCATALOG_COMPILER_APPICON_NAME = AppIcon;
				ASSETCATALOG_COMPILER_GLOBAL_ACCENT_COLOR_NAME = AccentColor;
				CODE_SIGN_STYLE = Automatic;
				CURRENT_PROJECT_VERSION = 1;
				DEVELOPMENT_ASSET_PATHS = "\"Fancy Diner/Preview Content\"";
				DEVELOPMENT_TEAM = KL48363826;
				ENABLE_PREVIEWS = YES;
				GENERATE_INFOPLIST_FILE = YES;
				INFOPLIST_KEY_UIApplicationSceneManifest_Generation = YES;
				INFOPLIST_KEY_UIApplicationSupportsIndirectInputEvents = YES;
				INFOPLIST_KEY_UILaunchScreen_Generation = YES;
				INFOPLIST_KEY_UISupportedInterfaceOrientations_iPad = "UIInterfaceOrientationPortrait UIInterfaceOrientationPortraitUpsideDown UIInterfaceOrientationLandscapeLeft UIInterfaceOrientationLandscapeRight";
				INFOPLIST_KEY_UISupportedInterfaceOrientations_iPhone = "UIInterfaceOrientationPortrait UIInterfaceOrientationLandscapeLeft UIInterfaceOrientationLandscapeRight";
				LD_RUNPATH_SEARCH_PATHS = (
					"$(inherited)",
					"@executable_path/Frameworks",
				);
				MARKETING_VERSION = 1.0;
				PRODUCT_BUNDLE_IDENTIFIER = "com.daitensai.Fancy-Diner";
				PRODUCT_NAME = "$(TARGET_NAME)";
				SWIFT_EMIT_LOC_STRINGS = YES;
				SWIFT_VERSION = 5.0;
				TARGETED_DEVICE_FAMILY = "1,2";
			};
			name = Debug;
		};
		5E1C4E9B2C074B7F00FDD07F /* Release */ = {
			isa = XCBuildConfiguration;
			buildSettings = {
				ASSETCATALOG_COMPILER_APPICON_NAME = AppIcon;
				ASSETCATALOG_COMPILER_GLOBAL_ACCENT_COLOR_NAME = AccentColor;
				CODE_SIGN_STYLE = Automatic;
				CURRENT_PROJECT_VERSION = 1;
				DEVELOPMENT_ASSET_PATHS = "\"Fancy Diner/Preview Content\"";
				DEVELOPMENT_TEAM = KL48363826;
				ENABLE_PREVIEWS = YES;
				GENERATE_INFOPLIST_FILE = YES;
				INFOPLIST_KEY_UIApplicationSceneManifest_Generation = YES;
				INFOPLIST_KEY_UIApplicationSupportsIndirectInputEvents = YES;
				INFOPLIST_KEY_UILaunchScreen_Generation = YES;
				INFOPLIST_KEY_UISupportedInterfaceOrientations_iPad = "UIInterfaceOrientationPortrait UIInterfaceOrientationPortraitUpsideDown UIInterfaceOrientationLandscapeLeft UIInterfaceOrientationLandscapeRight";
				INFOPLIST_KEY_UISupportedInterfaceOrientations_iPhone = "UIInterfaceOrientationPortrait UIInterfaceOrientationLandscapeLeft UIInterfaceOrientationLandscapeRight";
				LD_RUNPATH_SEARCH_PATHS = (
					"$(inherited)",
					"@executable_path/Frameworks",
				);
				MARKETING_VERSION = 1.0;
				PRODUCT_BUNDLE_IDENTIFIER = "com.daitensai.Fancy-Diner";
				PRODUCT_NAME = "$(TARGET_NAME)";
				SWIFT_EMIT_LOC_STRINGS = YES;
				SWIFT_VERSION = 5.0;
				TARGETED_DEVICE_FAMILY = "1,2";
			};
			name = Release;
		};
/* End XCBuildConfiguration section */

/* Begin XCConfigurationList section */
		5E1C4E862C074B7D00FDD07F /* Build configuration list for PBXProject "Fancy Diner" */ = {
			isa = XCConfigurationList;
			buildConfigurations = (
				5E1C4E972C074B7F00FDD07F /* Debug */,
				5E1C4E982C074B7F00FDD07F /* Release */,
			);
			defaultConfigurationIsVisible = 0;
			defaultConfigurationName = Release;
		};
		5E1C4E992C074B7F00FDD07F /* Build configuration list for PBXNativeTarget "Fancy Diner" */ = {
			isa = XCConfigurationList;
			buildConfigurations = (
				5E1C4E9A2C074B7F00FDD07F /* Debug */,
				5E1C4E9B2C074B7F00FDD07F /* Release */,
			);
			defaultConfigurationIsVisible = 0;
			defaultConfigurationName = Release;
		};
/* End XCConfigurationList section */
	};
	rootObject = 5E1C4E832C074B7D00FDD07F /* Project object */;
}
